
Microsoft Visual Studio Solution File, Format Version 10.00
# Visual Studio 2008
Project("{8BC9CEB8-8B4A-11D0-8D11-00A0C91BC942}") = "20121212", "20121212\20121212.vcproj", "{11334B0C-4CE2-4B5B-A74E-31B650E9F17A}"
EndProject
Global
	GlobalSection(SolutionConfigurationPlatforms) = preSolution
		Debug|Win32 = Debug|Win32
		Release|Win32 = Release|Win32
	EndGlobalSection
	GlobalSection(ProjectConfigurationPlatforms) = postSolution
		{11334B0C-4CE2-4B5B-A74E-31B650E9F17A}.Debug|Win32.ActiveCfg = Debug|Win32
		{11334B0C-4CE2-4B5B-A74E-31B650E9F17A}.Debug|Win32.Build.0 = Debug|Win32
		{11334B0C-4CE2-4B5B-A74E-31B650E9F17A}.Release|Win32.ActiveCfg = Release|Win32
		{11334B0C-4CE2-4B5B-A74E-31B650E9F17A}.Release|Win32.Build.0 = Release|Win32
	EndGlobalSection
	GlobalSection(SolutionProperties) = preSolution
		HideSolutionNode = FALSE
	EndGlobalSection
EndGlobal
