
Microsoft Visual Studio Solution File, Format Version 10.00
# Visual Studio 2008
Project("{8BC9CEB8-8B4A-11D0-8D11-00A0C91BC942}") = "1211", "1211\1211.vcproj", "{129232ED-5E69-49AE-B04B-3BFC784B3B59}"
EndProject
Global
	GlobalSection(SolutionConfigurationPlatforms) = preSolution
		Debug|Win32 = Debug|Win32
		Release|Win32 = Release|Win32
	EndGlobalSection
	GlobalSection(ProjectConfigurationPlatforms) = postSolution
		{129232ED-5E69-49AE-B04B-3BFC784B3B59}.Debug|Win32.ActiveCfg = Debug|Win32
		{129232ED-5E69-49AE-B04B-3BFC784B3B59}.Debug|Win32.Build.0 = Debug|Win32
		{129232ED-5E69-49AE-B04B-3BFC784B3B59}.Release|Win32.ActiveCfg = Release|Win32
		{129232ED-5E69-49AE-B04B-3BFC784B3B59}.Release|Win32.Build.0 = Release|Win32
	EndGlobalSection
	GlobalSection(SolutionProperties) = preSolution
		HideSolutionNode = FALSE
	EndGlobalSection
EndGlobal
