<?xml version="1.0" encoding="utf-8"?>
<Project ToolsVersion="4.0" xmlns="http://schemas.microsoft.com/developer/msbuild/2003">
  <ItemGroup>
    <Filter Include="Source Files">
      <UniqueIdentifier>{df2ff835-03a5-4db1-bbbe-a95a439f0c55}</UniqueIdentifier>
      <Extensions>cpp;c;cxx;rc;def;r;odl;idl;hpj;bat</Extensions>
    </Filter>
    <Filter Include="Header Files">
      <UniqueIdentifier>{b4479cbb-8362-4eac-8410-30468591dc21}</UniqueIdentifier>
      <Extensions>h;hpp;hxx;hm;inl</Extensions>
    </Filter>
    <Filter Include="Resource Files">
      <UniqueIdentifier>{3abdca14-c45b-4fc3-b925-66d0e157d032}</UniqueIdentifier>
      <Extensions>ico;cur;bmp;dlg;rc2;rct;bin;rgs;gif;jpg;jpeg;jpe</Extensions>
    </Filter>
  </ItemGroup>
  <ItemGroup>
    <ClCompile Include="00_Problem.cpp">
      <Filter>Source Files</Filter>
    </ClCompile>
    <ClCompile Include="01_OOP개념.cpp">
      <Filter>Source Files</Filter>
    </ClCompile>
    <ClCompile Include="02_정보은닉.cpp">
      <Filter>Source Files</Filter>
    </ClCompile>
    <ClCompile Include="03_맴버함수의 외부 정의.cpp">
      <Filter>Source Files</Filter>
    </ClCompile>
    <ClCompile Include="03_친구.cpp">
      <Filter>Source Files</Filter>
    </ClCompile>
    <ClCompile Include="04_생성자.cpp">
      <Filter>Source Files</Filter>
    </ClCompile>
    <ClCompile Include="05_생성자_콜론초기화.cpp">
      <Filter>Source Files</Filter>
    </ClCompile>
    <ClCompile Include="06_소멸자.cpp">
      <Filter>Source Files</Filter>
    </ClCompile>
    <ClCompile Include="07_stack만들기.cpp">
      <Filter>Source Files</Filter>
    </ClCompile>
    <ClCompile Include="07_su_Nested Class.cpp">
      <Filter>Source Files</Filter>
    </ClCompile>
    <ClCompile Include="07_sv_복사생성자.cpp">
      <Filter>Source Files</Filter>
    </ClCompile>
    <ClCompile Include="07_this포인터.cpp">
      <Filter>Source Files</Filter>
    </ClCompile>
    <ClCompile Include="08_static member data.cpp">
      <Filter>Source Files</Filter>
    </ClCompile>
    <ClCompile Include="09_static member function.cpp">
      <Filter>Source Files</Filter>
    </ClCompile>
    <ClCompile Include="10_디자인패턴.cpp">
      <Filter>Source Files</Filter>
    </ClCompile>
    <ClCompile Include="11_const member function.cpp">
      <Filter>Source Files</Filter>
    </ClCompile>
    <ClCompile Include="12_맴버 함수와 함수 포인터.cpp">
      <Filter>Source Files</Filter>
    </ClCompile>
    <ClCompile Include="13_etc.cpp">
      <Filter>Source Files</Filter>
    </ClCompile>
    <ClCompile Include="14_class declaration.cpp">
      <Filter>Source Files</Filter>
    </ClCompile>
  </ItemGroup>
</Project>