<?xml version="1.0" encoding="utf-8"?>
<Project ToolsVersion="4.0" xmlns="http://schemas.microsoft.com/developer/msbuild/2003">
  <ItemGroup>
    <Filter Include="Source Files">
      <UniqueIdentifier>{518ea303-e7ff-4a91-930a-c754eb05bb87}</UniqueIdentifier>
      <Extensions>cpp;c;cxx;rc;def;r;odl;idl;hpj;bat</Extensions>
    </Filter>
    <Filter Include="Header Files">
      <UniqueIdentifier>{b52f0a44-85b1-4922-ae80-f5fb0b9e89f8}</UniqueIdentifier>
      <Extensions>h;hpp;hxx;hm;inl</Extensions>
    </Filter>
    <Filter Include="Resource Files">
      <UniqueIdentifier>{a1aacd53-ce77-4f92-b2b5-2c1e53a65aff}</UniqueIdentifier>
      <Extensions>ico;cur;bmp;dlg;rc2;rct;bin;rgs;gif;jpg;jpeg;jpe</Extensions>
    </Filter>
  </ItemGroup>
  <ItemGroup>
    <ClCompile Include="01_소스.cpp">
      <Filter>Source Files</Filter>
    </ClCompile>
    <ClCompile Include="02_소스.cpp">
      <Filter>Source Files</Filter>
    </ClCompile>
    <ClCompile Include="03_소스.cpp">
      <Filter>Source Files</Filter>
    </ClCompile>
    <ClCompile Include="04_소스.cpp">
      <Filter>Source Files</Filter>
    </ClCompile>
    <ClCompile Include="05_소스.cpp">
      <Filter>Source Files</Filter>
    </ClCompile>
    <ClCompile Include="06_소스.cpp">
      <Filter>Source Files</Filter>
    </ClCompile>
    <ClCompile Include="07_소스.cpp">
      <Filter>Source Files</Filter>
    </ClCompile>
  </ItemGroup>
</Project>