<?xml version="1.0" encoding="utf-8"?>
<Project ToolsVersion="4.0" xmlns="http://schemas.microsoft.com/developer/msbuild/2003">
  <ItemGroup>
    <Filter Include="Source Files">
      <UniqueIdentifier>{094334c1-7e65-4ffe-919d-d318305d1ff2}</UniqueIdentifier>
      <Extensions>cpp;c;cxx;rc;def;r;odl;idl;hpj;bat</Extensions>
    </Filter>
    <Filter Include="Header Files">
      <UniqueIdentifier>{f5f95cff-2590-4f39-8231-f1478c378559}</UniqueIdentifier>
      <Extensions>h;hpp;hxx;hm;inl</Extensions>
    </Filter>
    <Filter Include="Resource Files">
      <UniqueIdentifier>{b6e8c761-4ec6-46e0-b168-b6ca513cae7f}</UniqueIdentifier>
      <Extensions>ico;cur;bmp;dlg;rc2;rct;bin;rgs;gif;jpg;jpeg;jpe</Extensions>
    </Filter>
  </ItemGroup>
  <ItemGroup>
    <ClCompile Include="fun.c">
      <Filter>Source Files</Filter>
    </ClCompile>
    <ClCompile Include="fun1.c">
      <Filter>Source Files</Filter>
    </ClCompile>
    <ClCompile Include="fun2.c">
      <Filter>Source Files</Filter>
    </ClCompile>
    <ClCompile Include="main.c">
      <Filter>Source Files</Filter>
    </ClCompile>
  </ItemGroup>
  <ItemGroup>
    <ClInclude Include="fun.h">
      <Filter>Header Files</Filter>
    </ClInclude>
    <ClInclude Include="fun1.h">
      <Filter>Header Files</Filter>
    </ClInclude>
    <ClInclude Include="fun2.h">
      <Filter>Header Files</Filter>
    </ClInclude>
    <ClInclude Include="std.h">
      <Filter>Header Files</Filter>
    </ClInclude>
  </ItemGroup>
</Project>