
Microsoft Visual Studio Solution File, Format Version 10.00
# Visual Studio 2008
Project("{8BC9CEB8-8B4A-11D0-8D11-00A0C91BC942}") = "first", "first.vcproj", "{21E30E66-B4A4-48D9-AF99-D3FA29DA3EA0}"
EndProject
Global
	GlobalSection(SolutionConfigurationPlatforms) = preSolution
		Debug|Win32 = Debug|Win32
		Release|Win32 = Release|Win32
	EndGlobalSection
	GlobalSection(ProjectConfigurationPlatforms) = postSolution
		{21E30E66-B4A4-48D9-AF99-D3FA29DA3EA0}.Debug|Win32.ActiveCfg = Debug|Win32
		{21E30E66-B4A4-48D9-AF99-D3FA29DA3EA0}.Debug|Win32.Build.0 = Debug|Win32
		{21E30E66-B4A4-48D9-AF99-D3FA29DA3EA0}.Release|Win32.ActiveCfg = Release|Win32
		{21E30E66-B4A4-48D9-AF99-D3FA29DA3EA0}.Release|Win32.Build.0 = Release|Win32
	EndGlobalSection
	GlobalSection(SolutionProperties) = preSolution
		HideSolutionNode = FALSE
	EndGlobalSection
EndGlobal
